
Microsoft Visual Studio Solution File, Format Version 12.00
# Visual Studio Version 16
VisualStudioVersion = 16.0.30907.101
MinimumVisualStudioVersion = 10.0.40219.1
Project("{FAE04EC0-301F-11D3-BF4B-00C04F79EFBC}") = "Functioneel-Ontwerp-Site", "Functioneel-Ontwerp-Site\Functioneel-Ontwerp-Site.csproj", "{BE0BD2DF-A0E2-47E9-928D-581F54B6F018}"
EndProject
Global
	GlobalSection(SolutionConfigurationPlatforms) = preSolution
		Debug|Any CPU = Debug|Any CPU
		Release|Any CPU = Release|Any CPU
	EndGlobalSection
	GlobalSection(ProjectConfigurationPlatforms) = postSolution
		{BE0BD2DF-A0E2-47E9-928D-581F54B6F018}.Debug|Any CPU.ActiveCfg = Debug|Any CPU
		{BE0BD2DF-A0E2-47E9-928D-581F54B6F018}.Debug|Any CPU.Build.0 = Debug|Any CPU
		{BE0BD2DF-A0E2-47E9-928D-581F54B6F018}.Release|Any CPU.ActiveCfg = Release|Any CPU
		{BE0BD2DF-A0E2-47E9-928D-581F54B6F018}.Release|Any CPU.Build.0 = Release|Any CPU
	EndGlobalSection
	GlobalSection(SolutionProperties) = preSolution
		HideSolutionNode = FALSE
	EndGlobalSection
	GlobalSection(ExtensibilityGlobals) = postSolution
		SolutionGuid = {5A8CA982-0CC4-4BE0-A5F0-2973EC8C33EC}
	EndGlobalSection
EndGlobal
